
Microsoft Visual Studio Solution File, Format Version 12.00
# Visual Studio Version 16
VisualStudioVersion = 16.0.29728.190
MinimumVisualStudioVersion = 10.0.40219.1
Project("{9A19103F-16F7-4668-BE54-9A1E7A4F7556}") = "Taxi.Common", "Taxi.Common\Taxi.Common.csproj", "{EC8DEF06-EFE0-4711-A35D-1F84CE980A9A}"
EndProject
Project("{9A19103F-16F7-4668-BE54-9A1E7A4F7556}") = "Taxi.Prism", "Taxi.Prism\Taxi.Prism\Taxi.Prism.csproj", "{3D907E76-C8D2-4C9D-8A59-A14A6BD042FB}"
EndProject
Project("{FAE04EC0-301F-11D3-BF4B-00C04F79EFBC}") = "Taxi.Prism.Android", "Taxi.Prism\Taxi.Prism.Android\Taxi.Prism.Android.csproj", "{144B1B6A-050E-4213-A05D-5A2020DE0824}"
EndProject
Project("{FAE04EC0-301F-11D3-BF4B-00C04F79EFBC}") = "Taxi.Prism.iOS", "Taxi.Prism\Taxi.Prism.iOS\Taxi.Prism.iOS.csproj", "{1E3691C9-5B82-4B28-9F53-C98CADEF77C8}"
EndProject
Project("{FAE04EC0-301F-11D3-BF4B-00C04F79EFBC}") = "Taxi.Cross.Android", "Taxi.Cross.Android\Taxi.Cross.Android.csproj", "{116CE96A-C08E-40AB-8CF6-17A5E457A602}"
EndProject
Project("{FAE04EC0-301F-11D3-BF4B-00C04F79EFBC}") = "Taxi.Cross.IOS", "Taxi.Cross.IOS\Taxi.Cross.IOS.csproj", "{608A9204-7A1C-4A77-B74C-842165F1C06C}"
EndProject
Project("{FAE04EC0-301F-11D3-BF4B-00C04F79EFBC}") = "Taxi.Web", "Taxi.Web\Taxi.Web.csproj", "{0C70AA1F-EE75-4032-A2A0-8B47FA6B4805}"
EndProject
Global
	GlobalSection(SolutionConfigurationPlatforms) = preSolution
		Ad-Hoc|Any CPU = Ad-Hoc|Any CPU
		Ad-Hoc|iPhone = Ad-Hoc|iPhone
		Ad-Hoc|iPhoneSimulator = Ad-Hoc|iPhoneSimulator
		AppStore|Any CPU = AppStore|Any CPU
		AppStore|iPhone = AppStore|iPhone
		AppStore|iPhoneSimulator = AppStore|iPhoneSimulator
		Debug|Any CPU = Debug|Any CPU
		Debug|iPhone = Debug|iPhone
		Debug|iPhoneSimulator = Debug|iPhoneSimulator
		Release|Any CPU = Release|Any CPU
		Release|iPhone = Release|iPhone
		Release|iPhoneSimulator = Release|iPhoneSimulator
	EndGlobalSection
	GlobalSection(ProjectConfigurationPlatforms) = postSolution
		{EC8DEF06-EFE0-4711-A35D-1F84CE980A9A}.Ad-Hoc|Any CPU.ActiveCfg = Release|Any CPU
		{EC8DEF06-EFE0-4711-A35D-1F84CE980A9A}.Ad-Hoc|Any CPU.Build.0 = Release|Any CPU
		{EC8DEF06-EFE0-4711-A35D-1F84CE980A9A}.Ad-Hoc|iPhone.ActiveCfg = Release|Any CPU
		{EC8DEF06-EFE0-4711-A35D-1F84CE980A9A}.Ad-Hoc|iPhone.Build.0 = Release|Any CPU
		{EC8DEF06-EFE0-4711-A35D-1F84CE980A9A}.Ad-Hoc|iPhoneSimulator.ActiveCfg = Release|Any CPU
		{EC8DEF06-EFE0-4711-A35D-1F84CE980A9A}.Ad-Hoc|iPhoneSimulator.Build.0 = Release|Any CPU
		{EC8DEF06-EFE0-4711-A35D-1F84CE980A9A}.AppStore|Any CPU.ActiveCfg = Release|Any CPU
		{EC8DEF06-EFE0-4711-A35D-1F84CE980A9A}.AppStore|Any CPU.Build.0 = Release|Any CPU
		{EC8DEF06-EFE0-4711-A35D-1F84CE980A9A}.AppStore|iPhone.ActiveCfg = Release|Any CPU
		{EC8DEF06-EFE0-4711-A35D-1F84CE980A9A}.AppStore|iPhone.Build.0 = Release|Any CPU
		{EC8DEF06-EFE0-4711-A35D-1F84CE980A9A}.AppStore|iPhoneSimulator.ActiveCfg = Release|Any CPU
		{EC8DEF06-EFE0-4711-A35D-1F84CE980A9A}.AppStore|iPhoneSimulator.Build.0 = Release|Any CPU
		{EC8DEF06-EFE0-4711-A35D-1F84CE980A9A}.Debug|Any CPU.ActiveCfg = Debug|Any CPU
		{EC8DEF06-EFE0-4711-A35D-1F84CE980A9A}.Debug|Any CPU.Build.0 = Debug|Any CPU
		{EC8DEF06-EFE0-4711-A35D-1F84CE980A9A}.Debug|iPhone.ActiveCfg = Debug|Any CPU
		{EC8DEF06-EFE0-4711-A35D-1F84CE980A9A}.Debug|iPhone.Build.0 = Debug|Any CPU
		{EC8DEF06-EFE0-4711-A35D-1F84CE980A9A}.Debug|iPhoneSimulator.ActiveCfg = Debug|Any CPU
		{EC8DEF06-EFE0-4711-A35D-1F84CE980A9A}.Debug|iPhoneSimulator.Build.0 = Debug|Any CPU
		{EC8DEF06-EFE0-4711-A35D-1F84CE980A9A}.Release|Any CPU.ActiveCfg = Release|Any CPU
		{EC8DEF06-EFE0-4711-A35D-1F84CE980A9A}.Release|Any CPU.Build.0 = Release|Any CPU
		{EC8DEF06-EFE0-4711-A35D-1F84CE980A9A}.Release|iPhone.ActiveCfg = Release|Any CPU
		{EC8DEF06-EFE0-4711-A35D-1F84CE980A9A}.Release|iPhone.Build.0 = Release|Any CPU
		{EC8DEF06-EFE0-4711-A35D-1F84CE980A9A}.Release|iPhoneSimulator.ActiveCfg = Release|Any CPU
		{EC8DEF06-EFE0-4711-A35D-1F84CE980A9A}.Release|iPhoneSimulator.Build.0 = Release|Any CPU
		{3D907E76-C8D2-4C9D-8A59-A14A6BD042FB}.Ad-Hoc|Any CPU.ActiveCfg = Debug|Any CPU
		{3D907E76-C8D2-4C9D-8A59-A14A6BD042FB}.Ad-Hoc|Any CPU.Build.0 = Debug|Any CPU
		{3D907E76-C8D2-4C9D-8A59-A14A6BD042FB}.Ad-Hoc|iPhone.ActiveCfg = Debug|Any CPU
		{3D907E76-C8D2-4C9D-8A59-A14A6BD042FB}.Ad-Hoc|iPhone.Build.0 = Debug|Any CPU
		{3D907E76-C8D2-4C9D-8A59-A14A6BD042FB}.Ad-Hoc|iPhoneSimulator.ActiveCfg = Debug|Any CPU
		{3D907E76-C8D2-4C9D-8A59-A14A6BD042FB}.Ad-Hoc|iPhoneSimulator.Build.0 = Debug|Any CPU
		{3D907E76-C8D2-4C9D-8A59-A14A6BD042FB}.AppStore|Any CPU.ActiveCfg = Debug|Any CPU
		{3D907E76-C8D2-4C9D-8A59-A14A6BD042FB}.AppStore|Any CPU.Build.0 = Debug|Any CPU
		{3D907E76-C8D2-4C9D-8A59-A14A6BD042FB}.AppStore|iPhone.ActiveCfg = Debug|Any CPU
		{3D907E76-C8D2-4C9D-8A59-A14A6BD042FB}.AppStore|iPhone.Build.0 = Debug|Any CPU
		{3D907E76-C8D2-4C9D-8A59-A14A6BD042FB}.AppStore|iPhoneSimulator.ActiveCfg = Debug|Any CPU
		{3D907E76-C8D2-4C9D-8A59-A14A6BD042FB}.AppStore|iPhoneSimulator.Build.0 = Debug|Any CPU
		{3D907E76-C8D2-4C9D-8A59-A14A6BD042FB}.Debug|Any CPU.ActiveCfg = Debug|Any CPU
		{3D907E76-C8D2-4C9D-8A59-A14A6BD042FB}.Debug|Any CPU.Build.0 = Debug|Any CPU
		{3D907E76-C8D2-4C9D-8A59-A14A6BD042FB}.Debug|iPhone.ActiveCfg = Debug|Any CPU
		{3D907E76-C8D2-4C9D-8A59-A14A6BD042FB}.Debug|iPhone.Build.0 = Debug|Any CPU
		{3D907E76-C8D2-4C9D-8A59-A14A6BD042FB}.Debug|iPhoneSimulator.ActiveCfg = Debug|Any CPU
		{3D907E76-C8D2-4C9D-8A59-A14A6BD042FB}.Debug|iPhoneSimulator.Build.0 = Debug|Any CPU
		{3D907E76-C8D2-4C9D-8A59-A14A6BD042FB}.Release|Any CPU.ActiveCfg = Release|Any CPU
		{3D907E76-C8D2-4C9D-8A59-A14A6BD042FB}.Release|Any CPU.Build.0 = Release|Any CPU
		{3D907E76-C8D2-4C9D-8A59-A14A6BD042FB}.Release|iPhone.ActiveCfg = Release|Any CPU
		{3D907E76-C8D2-4C9D-8A59-A14A6BD042FB}.Release|iPhone.Build.0 = Release|Any CPU
		{3D907E76-C8D2-4C9D-8A59-A14A6BD042FB}.Release|iPhoneSimulator.ActiveCfg = Release|Any CPU
		{3D907E76-C8D2-4C9D-8A59-A14A6BD042FB}.Release|iPhoneSimulator.Build.0 = Release|Any CPU
		{144B1B6A-050E-4213-A05D-5A2020DE0824}.Ad-Hoc|Any CPU.ActiveCfg = Release|Any CPU
		{144B1B6A-050E-4213-A05D-5A2020DE0824}.Ad-Hoc|Any CPU.Build.0 = Release|Any CPU
		{144B1B6A-050E-4213-A05D-5A2020DE0824}.Ad-Hoc|Any CPU.Deploy.0 = Release|Any CPU
		{144B1B6A-050E-4213-A05D-5A2020DE0824}.Ad-Hoc|iPhone.ActiveCfg = Release|Any CPU
		{144B1B6A-050E-4213-A05D-5A2020DE0824}.Ad-Hoc|iPhone.Build.0 = Release|Any CPU
		{144B1B6A-050E-4213-A05D-5A2020DE0824}.Ad-Hoc|iPhone.Deploy.0 = Release|Any CPU
		{144B1B6A-050E-4213-A05D-5A2020DE0824}.Ad-Hoc|iPhoneSimulator.ActiveCfg = Release|Any CPU
		{144B1B6A-050E-4213-A05D-5A2020DE0824}.Ad-Hoc|iPhoneSimulator.Build.0 = Release|Any CPU
		{144B1B6A-050E-4213-A05D-5A2020DE0824}.Ad-Hoc|iPhoneSimulator.Deploy.0 = Release|Any CPU
		{144B1B6A-050E-4213-A05D-5A2020DE0824}.AppStore|Any CPU.ActiveCfg = Release|Any CPU
		{144B1B6A-050E-4213-A05D-5A2020DE0824}.AppStore|Any CPU.Build.0 = Release|Any CPU
		{144B1B6A-050E-4213-A05D-5A2020DE0824}.AppStore|Any CPU.Deploy.0 = Release|Any CPU
		{144B1B6A-050E-4213-A05D-5A2020DE0824}.AppStore|iPhone.ActiveCfg = Release|Any CPU
		{144B1B6A-050E-4213-A05D-5A2020DE0824}.AppStore|iPhone.Build.0 = Release|Any CPU
		{144B1B6A-050E-4213-A05D-5A2020DE0824}.AppStore|iPhone.Deploy.0 = Release|Any CPU
		{144B1B6A-050E-4213-A05D-5A2020DE0824}.AppStore|iPhoneSimulator.ActiveCfg = Release|Any CPU
		{144B1B6A-050E-4213-A05D-5A2020DE0824}.AppStore|iPhoneSimulator.Build.0 = Release|Any CPU
		{144B1B6A-050E-4213-A05D-5A2020DE0824}.AppStore|iPhoneSimulator.Deploy.0 = Release|Any CPU
		{144B1B6A-050E-4213-A05D-5A2020DE0824}.Debug|Any CPU.ActiveCfg = Debug|Any CPU
		{144B1B6A-050E-4213-A05D-5A2020DE0824}.Debug|Any CPU.Build.0 = Debug|Any CPU
		{144B1B6A-050E-4213-A05D-5A2020DE0824}.Debug|Any CPU.Deploy.0 = Debug|Any CPU
		{144B1B6A-050E-4213-A05D-5A2020DE0824}.Debug|iPhone.ActiveCfg = Debug|Any CPU
		{144B1B6A-050E-4213-A05D-5A2020DE0824}.Debug|iPhone.Build.0 = Debug|Any CPU
		{144B1B6A-050E-4213-A05D-5A2020DE0824}.Debug|iPhone.Deploy.0 = Debug|Any CPU
		{144B1B6A-050E-4213-A05D-5A2020DE0824}.Debug|iPhoneSimulator.ActiveCfg = Debug|Any CPU
		{144B1B6A-050E-4213-A05D-5A2020DE0824}.Debug|iPhoneSimulator.Build.0 = Debug|Any CPU
		{144B1B6A-050E-4213-A05D-5A2020DE0824}.Debug|iPhoneSimulator.Deploy.0 = Debug|Any CPU
		{144B1B6A-050E-4213-A05D-5A2020DE0824}.Release|Any CPU.ActiveCfg = Release|Any CPU
		{144B1B6A-050E-4213-A05D-5A2020DE0824}.Release|Any CPU.Build.0 = Release|Any CPU
		{144B1B6A-050E-4213-A05D-5A2020DE0824}.Release|Any CPU.Deploy.0 = Release|Any CPU
		{144B1B6A-050E-4213-A05D-5A2020DE0824}.Release|iPhone.ActiveCfg = Release|Any CPU
		{144B1B6A-050E-4213-A05D-5A2020DE0824}.Release|iPhone.Build.0 = Release|Any CPU
		{144B1B6A-050E-4213-A05D-5A2020DE0824}.Release|iPhone.Deploy.0 = Release|Any CPU
		{144B1B6A-050E-4213-A05D-5A2020DE0824}.Release|iPhoneSimulator.ActiveCfg = Release|Any CPU
		{144B1B6A-050E-4213-A05D-5A2020DE0824}.Release|iPhoneSimulator.Build.0 = Release|Any CPU
		{144B1B6A-050E-4213-A05D-5A2020DE0824}.Release|iPhoneSimulator.Deploy.0 = Release|Any CPU
		{1E3691C9-5B82-4B28-9F53-C98CADEF77C8}.Ad-Hoc|Any CPU.ActiveCfg = Ad-Hoc|iPhone
		{1E3691C9-5B82-4B28-9F53-C98CADEF77C8}.Ad-Hoc|iPhone.ActiveCfg = Ad-Hoc|iPhone
		{1E3691C9-5B82-4B28-9F53-C98CADEF77C8}.Ad-Hoc|iPhone.Build.0 = Ad-Hoc|iPhone
		{1E3691C9-5B82-4B28-9F53-C98CADEF77C8}.Ad-Hoc|iPhoneSimulator.ActiveCfg = Ad-Hoc|iPhoneSimulator
		{1E3691C9-5B82-4B28-9F53-C98CADEF77C8}.Ad-Hoc|iPhoneSimulator.Build.0 = Ad-Hoc|iPhoneSimulator
		{1E3691C9-5B82-4B28-9F53-C98CADEF77C8}.AppStore|Any CPU.ActiveCfg = AppStore|iPhone
		{1E3691C9-5B82-4B28-9F53-C98CADEF77C8}.AppStore|iPhone.ActiveCfg = AppStore|iPhone
		{1E3691C9-5B82-4B28-9F53-C98CADEF77C8}.AppStore|iPhone.Build.0 = AppStore|iPhone
		{1E3691C9-5B82-4B28-9F53-C98CADEF77C8}.AppStore|iPhoneSimulator.ActiveCfg = AppStore|iPhoneSimulator
		{1E3691C9-5B82-4B28-9F53-C98CADEF77C8}.AppStore|iPhoneSimulator.Build.0 = AppStore|iPhoneSimulator
		{1E3691C9-5B82-4B28-9F53-C98CADEF77C8}.Debug|Any CPU.ActiveCfg = Debug|iPhone
		{1E3691C9-5B82-4B28-9F53-C98CADEF77C8}.Debug|iPhone.ActiveCfg = Debug|iPhone
		{1E3691C9-5B82-4B28-9F53-C98CADEF77C8}.Debug|iPhone.Build.0 = Debug|iPhone
		{1E3691C9-5B82-4B28-9F53-C98CADEF77C8}.Debug|iPhoneSimulator.ActiveCfg = Debug|iPhoneSimulator
		{1E3691C9-5B82-4B28-9F53-C98CADEF77C8}.Debug|iPhoneSimulator.Build.0 = Debug|iPhoneSimulator
		{1E3691C9-5B82-4B28-9F53-C98CADEF77C8}.Release|Any CPU.ActiveCfg = Release|iPhone
		{1E3691C9-5B82-4B28-9F53-C98CADEF77C8}.Release|iPhone.ActiveCfg = Release|iPhone
		{1E3691C9-5B82-4B28-9F53-C98CADEF77C8}.Release|iPhone.Build.0 = Release|iPhone
		{1E3691C9-5B82-4B28-9F53-C98CADEF77C8}.Release|iPhoneSimulator.ActiveCfg = Release|iPhoneSimulator
		{1E3691C9-5B82-4B28-9F53-C98CADEF77C8}.Release|iPhoneSimulator.Build.0 = Release|iPhoneSimulator
		{116CE96A-C08E-40AB-8CF6-17A5E457A602}.Ad-Hoc|Any CPU.ActiveCfg = Release|Any CPU
		{116CE96A-C08E-40AB-8CF6-17A5E457A602}.Ad-Hoc|Any CPU.Build.0 = Release|Any CPU
		{116CE96A-C08E-40AB-8CF6-17A5E457A602}.Ad-Hoc|Any CPU.Deploy.0 = Release|Any CPU
		{116CE96A-C08E-40AB-8CF6-17A5E457A602}.Ad-Hoc|iPhone.ActiveCfg = Release|Any CPU
		{116CE96A-C08E-40AB-8CF6-17A5E457A602}.Ad-Hoc|iPhone.Build.0 = Release|Any CPU
		{116CE96A-C08E-40AB-8CF6-17A5E457A602}.Ad-Hoc|iPhone.Deploy.0 = Release|Any CPU
		{116CE96A-C08E-40AB-8CF6-17A5E457A602}.Ad-Hoc|iPhoneSimulator.ActiveCfg = Release|Any CPU
		{116CE96A-C08E-40AB-8CF6-17A5E457A602}.Ad-Hoc|iPhoneSimulator.Build.0 = Release|Any CPU
		{116CE96A-C08E-40AB-8CF6-17A5E457A602}.Ad-Hoc|iPhoneSimulator.Deploy.0 = Release|Any CPU
		{116CE96A-C08E-40AB-8CF6-17A5E457A602}.AppStore|Any CPU.ActiveCfg = Release|Any CPU
		{116CE96A-C08E-40AB-8CF6-17A5E457A602}.AppStore|Any CPU.Build.0 = Release|Any CPU
		{116CE96A-C08E-40AB-8CF6-17A5E457A602}.AppStore|Any CPU.Deploy.0 = Release|Any CPU
		{116CE96A-C08E-40AB-8CF6-17A5E457A602}.AppStore|iPhone.ActiveCfg = Release|Any CPU
		{116CE96A-C08E-40AB-8CF6-17A5E457A602}.AppStore|iPhone.Build.0 = Release|Any CPU
		{116CE96A-C08E-40AB-8CF6-17A5E457A602}.AppStore|iPhone.Deploy.0 = Release|Any CPU
		{116CE96A-C08E-40AB-8CF6-17A5E457A602}.AppStore|iPhoneSimulator.ActiveCfg = Release|Any CPU
		{116CE96A-C08E-40AB-8CF6-17A5E457A602}.AppStore|iPhoneSimulator.Build.0 = Release|Any CPU
		{116CE96A-C08E-40AB-8CF6-17A5E457A602}.AppStore|iPhoneSimulator.Deploy.0 = Release|Any CPU
		{116CE96A-C08E-40AB-8CF6-17A5E457A602}.Debug|Any CPU.ActiveCfg = Debug|Any CPU
		{116CE96A-C08E-40AB-8CF6-17A5E457A602}.Debug|Any CPU.Build.0 = Debug|Any CPU
		{116CE96A-C08E-40AB-8CF6-17A5E457A602}.Debug|Any CPU.Deploy.0 = Debug|Any CPU
		{116CE96A-C08E-40AB-8CF6-17A5E457A602}.Debug|iPhone.ActiveCfg = Debug|Any CPU
		{116CE96A-C08E-40AB-8CF6-17A5E457A602}.Debug|iPhone.Build.0 = Debug|Any CPU
		{116CE96A-C08E-40AB-8CF6-17A5E457A602}.Debug|iPhone.Deploy.0 = Debug|Any CPU
		{116CE96A-C08E-40AB-8CF6-17A5E457A602}.Debug|iPhoneSimulator.ActiveCfg = Debug|Any CPU
		{116CE96A-C08E-40AB-8CF6-17A5E457A602}.Debug|iPhoneSimulator.Build.0 = Debug|Any CPU
		{116CE96A-C08E-40AB-8CF6-17A5E457A602}.Debug|iPhoneSimulator.Deploy.0 = Debug|Any CPU
		{116CE96A-C08E-40AB-8CF6-17A5E457A602}.Release|Any CPU.ActiveCfg = Release|Any CPU
		{116CE96A-C08E-40AB-8CF6-17A5E457A602}.Release|Any CPU.Build.0 = Release|Any CPU
		{116CE96A-C08E-40AB-8CF6-17A5E457A602}.Release|Any CPU.Deploy.0 = Release|Any CPU
		{116CE96A-C08E-40AB-8CF6-17A5E457A602}.Release|iPhone.ActiveCfg = Release|Any CPU
		{116CE96A-C08E-40AB-8CF6-17A5E457A602}.Release|iPhone.Build.0 = Release|Any CPU
		{116CE96A-C08E-40AB-8CF6-17A5E457A602}.Release|iPhone.Deploy.0 = Release|Any CPU
		{116CE96A-C08E-40AB-8CF6-17A5E457A602}.Release|iPhoneSimulator.ActiveCfg = Release|Any CPU
		{116CE96A-C08E-40AB-8CF6-17A5E457A602}.Release|iPhoneSimulator.Build.0 = Release|Any CPU
		{116CE96A-C08E-40AB-8CF6-17A5E457A602}.Release|iPhoneSimulator.Deploy.0 = Release|Any CPU
		{608A9204-7A1C-4A77-B74C-842165F1C06C}.Ad-Hoc|Any CPU.ActiveCfg = Release|iPhone
		{608A9204-7A1C-4A77-B74C-842165F1C06C}.Ad-Hoc|Any CPU.Build.0 = Release|iPhone
		{608A9204-7A1C-4A77-B74C-842165F1C06C}.Ad-Hoc|iPhone.ActiveCfg = Release|iPhone
		{608A9204-7A1C-4A77-B74C-842165F1C06C}.Ad-Hoc|iPhone.Build.0 = Release|iPhone
		{608A9204-7A1C-4A77-B74C-842165F1C06C}.Ad-Hoc|iPhoneSimulator.ActiveCfg = Release|iPhoneSimulator
		{608A9204-7A1C-4A77-B74C-842165F1C06C}.Ad-Hoc|iPhoneSimulator.Build.0 = Release|iPhoneSimulator
		{608A9204-7A1C-4A77-B74C-842165F1C06C}.AppStore|Any CPU.ActiveCfg = Release|iPhone
		{608A9204-7A1C-4A77-B74C-842165F1C06C}.AppStore|Any CPU.Build.0 = Release|iPhone
		{608A9204-7A1C-4A77-B74C-842165F1C06C}.AppStore|iPhone.ActiveCfg = Release|iPhone
		{608A9204-7A1C-4A77-B74C-842165F1C06C}.AppStore|iPhone.Build.0 = Release|iPhone
		{608A9204-7A1C-4A77-B74C-842165F1C06C}.AppStore|iPhoneSimulator.ActiveCfg = Release|iPhoneSimulator
		{608A9204-7A1C-4A77-B74C-842165F1C06C}.AppStore|iPhoneSimulator.Build.0 = Release|iPhoneSimulator
		{608A9204-7A1C-4A77-B74C-842165F1C06C}.Debug|Any CPU.ActiveCfg = Debug|iPhone
		{608A9204-7A1C-4A77-B74C-842165F1C06C}.Debug|iPhone.ActiveCfg = Debug|iPhone
		{608A9204-7A1C-4A77-B74C-842165F1C06C}.Debug|iPhone.Build.0 = Debug|iPhone
		{608A9204-7A1C-4A77-B74C-842165F1C06C}.Debug|iPhoneSimulator.ActiveCfg = Debug|iPhoneSimulator
		{608A9204-7A1C-4A77-B74C-842165F1C06C}.Debug|iPhoneSimulator.Build.0 = Debug|iPhoneSimulator
		{608A9204-7A1C-4A77-B74C-842165F1C06C}.Release|Any CPU.ActiveCfg = Release|iPhone
		{608A9204-7A1C-4A77-B74C-842165F1C06C}.Release|iPhone.ActiveCfg = Release|iPhone
		{608A9204-7A1C-4A77-B74C-842165F1C06C}.Release|iPhone.Build.0 = Release|iPhone
		{608A9204-7A1C-4A77-B74C-842165F1C06C}.Release|iPhoneSimulator.ActiveCfg = Release|iPhoneSimulator
		{608A9204-7A1C-4A77-B74C-842165F1C06C}.Release|iPhoneSimulator.Build.0 = Release|iPhoneSimulator
		{0C70AA1F-EE75-4032-A2A0-8B47FA6B4805}.Ad-Hoc|Any CPU.ActiveCfg = Debug|Any CPU
		{0C70AA1F-EE75-4032-A2A0-8B47FA6B4805}.Ad-Hoc|Any CPU.Build.0 = Debug|Any CPU
		{0C70AA1F-EE75-4032-A2A0-8B47FA6B4805}.Ad-Hoc|iPhone.ActiveCfg = Debug|Any CPU
		{0C70AA1F-EE75-4032-A2A0-8B47FA6B4805}.Ad-Hoc|iPhone.Build.0 = Debug|Any CPU
		{0C70AA1F-EE75-4032-A2A0-8B47FA6B4805}.Ad-Hoc|iPhoneSimulator.ActiveCfg = Debug|Any CPU
		{0C70AA1F-EE75-4032-A2A0-8B47FA6B4805}.Ad-Hoc|iPhoneSimulator.Build.0 = Debug|Any CPU
		{0C70AA1F-EE75-4032-A2A0-8B47FA6B4805}.AppStore|Any CPU.ActiveCfg = Debug|Any CPU
		{0C70AA1F-EE75-4032-A2A0-8B47FA6B4805}.AppStore|Any CPU.Build.0 = Debug|Any CPU
		{0C70AA1F-EE75-4032-A2A0-8B47FA6B4805}.AppStore|iPhone.ActiveCfg = Debug|Any CPU
		{0C70AA1F-EE75-4032-A2A0-8B47FA6B4805}.AppStore|iPhone.Build.0 = Debug|Any CPU
		{0C70AA1F-EE75-4032-A2A0-8B47FA6B4805}.AppStore|iPhoneSimulator.ActiveCfg = Debug|Any CPU
		{0C70AA1F-EE75-4032-A2A0-8B47FA6B4805}.AppStore|iPhoneSimulator.Build.0 = Debug|Any CPU
		{0C70AA1F-EE75-4032-A2A0-8B47FA6B4805}.Debug|Any CPU.ActiveCfg = Debug|Any CPU
		{0C70AA1F-EE75-4032-A2A0-8B47FA6B4805}.Debug|Any CPU.Build.0 = Debug|Any CPU
		{0C70AA1F-EE75-4032-A2A0-8B47FA6B4805}.Debug|iPhone.ActiveCfg = Debug|Any CPU
		{0C70AA1F-EE75-4032-A2A0-8B47FA6B4805}.Debug|iPhone.Build.0 = Debug|Any CPU
		{0C70AA1F-EE75-4032-A2A0-8B47FA6B4805}.Debug|iPhoneSimulator.ActiveCfg = Debug|Any CPU
		{0C70AA1F-EE75-4032-A2A0-8B47FA6B4805}.Debug|iPhoneSimulator.Build.0 = Debug|Any CPU
		{0C70AA1F-EE75-4032-A2A0-8B47FA6B4805}.Release|Any CPU.ActiveCfg = Release|Any CPU
		{0C70AA1F-EE75-4032-A2A0-8B47FA6B4805}.Release|Any CPU.Build.0 = Release|Any CPU
		{0C70AA1F-EE75-4032-A2A0-8B47FA6B4805}.Release|iPhone.ActiveCfg = Release|Any CPU
		{0C70AA1F-EE75-4032-A2A0-8B47FA6B4805}.Release|iPhone.Build.0 = Release|Any CPU
		{0C70AA1F-EE75-4032-A2A0-8B47FA6B4805}.Release|iPhoneSimulator.ActiveCfg = Release|Any CPU
		{0C70AA1F-EE75-4032-A2A0-8B47FA6B4805}.Release|iPhoneSimulator.Build.0 = Release|Any CPU
	EndGlobalSection
	GlobalSection(SolutionProperties) = preSolution
		HideSolutionNode = FALSE
	EndGlobalSection
	GlobalSection(ExtensibilityGlobals) = postSolution
		SolutionGuid = {7970B606-40AB-4572-BC99-DC2A9CEAD131}
	EndGlobalSection
EndGlobal
